
Microsoft Visual Studio Solution File, Format Version 12.00
# Visual Studio 15
VisualStudioVersion = 15.0.28010.2036
MinimumVisualStudioVersion = 10.0.40219.1
Project("{F184B08F-C81C-45F6-A57F-5ABD9991F28F}") = "ITS – Operations Automation of Reports", "ITS – Operations Automation of Reports\ITS – Operations Automation of Reports.vbproj", "{275803AA-5823-4127-8488-F8B00A0AFFD1}"
EndProject
Project("{F184B08F-C81C-45F6-A57F-5ABD9991F28F}") = "Crane Logs Report Creator", "..\Crane Logs Report Creator\Crane Logs Report Creator\Crane Logs Report Creator.vbproj", "{422C491A-19DE-47CC-8F27-CB945C1B5733}"
EndProject
Project("{F184B08F-C81C-45F6-A57F-5ABD9991F28F}") = "Budgeted Volume Creator", "..\Budgeted Volume Creator\Budgeted Volume Creator\Budgeted Volume Creator.vbproj", "{01249BCB-5C20-45F3-BB88-B8BDDB9A75E9}"
EndProject
Project("{F184B08F-C81C-45F6-A57F-5ABD9991F28F}") = "Vessel Movement Report Creator", "..\Vessel-Movement-Report-Creator\Vessel Movement Report Creator.vbproj", "{2C9A0224-82E5-4759-8230-B09EB8CFDFB6}"
EndProject
Project("{F184B08F-C81C-45F6-A57F-5ABD9991F28F}") = "Reports Interface", "Project1\Reports Interface.vbproj", "{19315380-B270-43B7-83B7-AC163B6F79CD}"
EndProject
Project("{54435603-DBB4-11D2-8724-00A0C9A8B90C}") = "ITS Automation of OPDocs Reports Installer", "Setup1\Setup1.vdproj", "{73F94B6C-7B17-4813-B8A4-0F9959BA7DBF}"
EndProject
Project("{F184B08F-C81C-45F6-A57F-5ABD9991F28F}") = "Automated Terminal Status", "WindowsApp1\Automated Terminal Status.vbproj", "{EC826867-4BA3-4BA8-A8EE-9BA6FC81E984}"
EndProject
Project("{F184B08F-C81C-45F6-A57F-5ABD9991F28F}") = "Terminal Status Report", "..\Terminal-Status-Report\Terminal Status Report.vbproj", "{92F5220F-51BA-4BE6-AE3B-3259305544AE}"
EndProject
Project("{F184B08F-C81C-45F6-A57F-5ABD9991F28F}") = "Throughput Volume Update", "..\Throughput-Volume-Update\Throughput Volume Update.vbproj", "{D3669981-7212-4FF2-9E98-B93D2DE8BCF4}"
EndProject
Project("{54435603-DBB4-11D2-8724-00A0C9A8B90C}") = "Automated Terminal Status Report", "Automated Terminal Status Report\Automated Terminal Status Report.vdproj", "{AA451E9A-4086-4247-8AD8-92D3626FE8C0}"
EndProject
Project("{F184B08F-C81C-45F6-A57F-5ABD9991F28F}") = "Management Report", "..\ManagementReport\Management Report.vbproj", "{D49397C7-BC74-4359-B390-9CDA6ACEF741}"
EndProject
Global
	GlobalSection(SolutionConfigurationPlatforms) = preSolution
		Debug 64|Any CPU = Debug 64|Any CPU
		Debug 64|x64 = Debug 64|x64
		Debug 64|x86 = Debug 64|x86
		Debug|Any CPU = Debug|Any CPU
		Debug|x64 = Debug|x64
		Debug|x86 = Debug|x86
		Release 64|Any CPU = Release 64|Any CPU
		Release 64|x64 = Release 64|x64
		Release 64|x86 = Release 64|x86
		Release|Any CPU = Release|Any CPU
		Release|x64 = Release|x64
		Release|x86 = Release|x86
	EndGlobalSection
	GlobalSection(ProjectConfigurationPlatforms) = postSolution
		{275803AA-5823-4127-8488-F8B00A0AFFD1}.Debug 64|Any CPU.ActiveCfg = Debug 64|Any CPU
		{275803AA-5823-4127-8488-F8B00A0AFFD1}.Debug 64|Any CPU.Build.0 = Debug 64|Any CPU
		{275803AA-5823-4127-8488-F8B00A0AFFD1}.Debug 64|x64.ActiveCfg = Debug 64|x64
		{275803AA-5823-4127-8488-F8B00A0AFFD1}.Debug 64|x64.Build.0 = Debug 64|x64
		{275803AA-5823-4127-8488-F8B00A0AFFD1}.Debug 64|x86.ActiveCfg = Debug 64|x86
		{275803AA-5823-4127-8488-F8B00A0AFFD1}.Debug 64|x86.Build.0 = Debug 64|x86
		{275803AA-5823-4127-8488-F8B00A0AFFD1}.Debug|Any CPU.ActiveCfg = Debug|Any CPU
		{275803AA-5823-4127-8488-F8B00A0AFFD1}.Debug|Any CPU.Build.0 = Debug|Any CPU
		{275803AA-5823-4127-8488-F8B00A0AFFD1}.Debug|x64.ActiveCfg = Debug|x64
		{275803AA-5823-4127-8488-F8B00A0AFFD1}.Debug|x64.Build.0 = Debug|x64
		{275803AA-5823-4127-8488-F8B00A0AFFD1}.Debug|x86.ActiveCfg = Debug|x86
		{275803AA-5823-4127-8488-F8B00A0AFFD1}.Debug|x86.Build.0 = Debug|x86
		{275803AA-5823-4127-8488-F8B00A0AFFD1}.Release 64|Any CPU.ActiveCfg = Release 64|Any CPU
		{275803AA-5823-4127-8488-F8B00A0AFFD1}.Release 64|Any CPU.Build.0 = Release 64|Any CPU
		{275803AA-5823-4127-8488-F8B00A0AFFD1}.Release 64|x64.ActiveCfg = Release 64|x64
		{275803AA-5823-4127-8488-F8B00A0AFFD1}.Release 64|x64.Build.0 = Release 64|x64
		{275803AA-5823-4127-8488-F8B00A0AFFD1}.Release 64|x86.ActiveCfg = Release 64|x86
		{275803AA-5823-4127-8488-F8B00A0AFFD1}.Release 64|x86.Build.0 = Release 64|x86
		{275803AA-5823-4127-8488-F8B00A0AFFD1}.Release|Any CPU.ActiveCfg = Release|Any CPU
		{275803AA-5823-4127-8488-F8B00A0AFFD1}.Release|Any CPU.Build.0 = Release|Any CPU
		{275803AA-5823-4127-8488-F8B00A0AFFD1}.Release|x64.ActiveCfg = Release|x64
		{275803AA-5823-4127-8488-F8B00A0AFFD1}.Release|x64.Build.0 = Release|x64
		{275803AA-5823-4127-8488-F8B00A0AFFD1}.Release|x86.ActiveCfg = Release|x86
		{275803AA-5823-4127-8488-F8B00A0AFFD1}.Release|x86.Build.0 = Release|x86
		{422C491A-19DE-47CC-8F27-CB945C1B5733}.Debug 64|Any CPU.ActiveCfg = Debug 64|Any CPU
		{422C491A-19DE-47CC-8F27-CB945C1B5733}.Debug 64|Any CPU.Build.0 = Debug 64|Any CPU
		{422C491A-19DE-47CC-8F27-CB945C1B5733}.Debug 64|x64.ActiveCfg = Debug 64|x64
		{422C491A-19DE-47CC-8F27-CB945C1B5733}.Debug 64|x64.Build.0 = Debug 64|x64
		{422C491A-19DE-47CC-8F27-CB945C1B5733}.Debug 64|x86.ActiveCfg = Debug 64|x86
		{422C491A-19DE-47CC-8F27-CB945C1B5733}.Debug 64|x86.Build.0 = Debug 64|x86
		{422C491A-19DE-47CC-8F27-CB945C1B5733}.Debug|Any CPU.ActiveCfg = Debug|Any CPU
		{422C491A-19DE-47CC-8F27-CB945C1B5733}.Debug|Any CPU.Build.0 = Debug|Any CPU
		{422C491A-19DE-47CC-8F27-CB945C1B5733}.Debug|x64.ActiveCfg = Debug|x64
		{422C491A-19DE-47CC-8F27-CB945C1B5733}.Debug|x64.Build.0 = Debug|x64
		{422C491A-19DE-47CC-8F27-CB945C1B5733}.Debug|x86.ActiveCfg = Debug|x86
		{422C491A-19DE-47CC-8F27-CB945C1B5733}.Debug|x86.Build.0 = Debug|x86
		{422C491A-19DE-47CC-8F27-CB945C1B5733}.Release 64|Any CPU.ActiveCfg = Release 64|Any CPU
		{422C491A-19DE-47CC-8F27-CB945C1B5733}.Release 64|Any CPU.Build.0 = Release 64|Any CPU
		{422C491A-19DE-47CC-8F27-CB945C1B5733}.Release 64|x64.ActiveCfg = Release 64|x64
		{422C491A-19DE-47CC-8F27-CB945C1B5733}.Release 64|x64.Build.0 = Release 64|x64
		{422C491A-19DE-47CC-8F27-CB945C1B5733}.Release 64|x86.ActiveCfg = Release 64|x86
		{422C491A-19DE-47CC-8F27-CB945C1B5733}.Release 64|x86.Build.0 = Release 64|x86
		{422C491A-19DE-47CC-8F27-CB945C1B5733}.Release|Any CPU.ActiveCfg = Release|Any CPU
		{422C491A-19DE-47CC-8F27-CB945C1B5733}.Release|Any CPU.Build.0 = Release|Any CPU
		{422C491A-19DE-47CC-8F27-CB945C1B5733}.Release|x64.ActiveCfg = Release|x64
		{422C491A-19DE-47CC-8F27-CB945C1B5733}.Release|x64.Build.0 = Release|x64
		{422C491A-19DE-47CC-8F27-CB945C1B5733}.Release|x86.ActiveCfg = Release|x86
		{422C491A-19DE-47CC-8F27-CB945C1B5733}.Release|x86.Build.0 = Release|x86
		{01249BCB-5C20-45F3-BB88-B8BDDB9A75E9}.Debug 64|Any CPU.ActiveCfg = Debug 64|Any CPU
		{01249BCB-5C20-45F3-BB88-B8BDDB9A75E9}.Debug 64|Any CPU.Build.0 = Debug 64|Any CPU
		{01249BCB-5C20-45F3-BB88-B8BDDB9A75E9}.Debug 64|x64.ActiveCfg = Debug 64|x64
		{01249BCB-5C20-45F3-BB88-B8BDDB9A75E9}.Debug 64|x64.Build.0 = Debug 64|x64
		{01249BCB-5C20-45F3-BB88-B8BDDB9A75E9}.Debug 64|x86.ActiveCfg = Debug 64|x86
		{01249BCB-5C20-45F3-BB88-B8BDDB9A75E9}.Debug 64|x86.Build.0 = Debug 64|x86
		{01249BCB-5C20-45F3-BB88-B8BDDB9A75E9}.Debug|Any CPU.ActiveCfg = Debug|Any CPU
		{01249BCB-5C20-45F3-BB88-B8BDDB9A75E9}.Debug|Any CPU.Build.0 = Debug|Any CPU
		{01249BCB-5C20-45F3-BB88-B8BDDB9A75E9}.Debug|x64.ActiveCfg = Debug|x64
		{01249BCB-5C20-45F3-BB88-B8BDDB9A75E9}.Debug|x64.Build.0 = Debug|x64
		{01249BCB-5C20-45F3-BB88-B8BDDB9A75E9}.Debug|x86.ActiveCfg = Debug|x86
		{01249BCB-5C20-45F3-BB88-B8BDDB9A75E9}.Debug|x86.Build.0 = Debug|x86
		{01249BCB-5C20-45F3-BB88-B8BDDB9A75E9}.Release 64|Any CPU.ActiveCfg = Release 64|Any CPU
		{01249BCB-5C20-45F3-BB88-B8BDDB9A75E9}.Release 64|Any CPU.Build.0 = Release 64|Any CPU
		{01249BCB-5C20-45F3-BB88-B8BDDB9A75E9}.Release 64|x64.ActiveCfg = Release 64|x64
		{01249BCB-5C20-45F3-BB88-B8BDDB9A75E9}.Release 64|x64.Build.0 = Release 64|x64
		{01249BCB-5C20-45F3-BB88-B8BDDB9A75E9}.Release 64|x86.ActiveCfg = Release 64|x86
		{01249BCB-5C20-45F3-BB88-B8BDDB9A75E9}.Release 64|x86.Build.0 = Release 64|x86
		{01249BCB-5C20-45F3-BB88-B8BDDB9A75E9}.Release|Any CPU.ActiveCfg = Release|Any CPU
		{01249BCB-5C20-45F3-BB88-B8BDDB9A75E9}.Release|Any CPU.Build.0 = Release|Any CPU
		{01249BCB-5C20-45F3-BB88-B8BDDB9A75E9}.Release|x64.ActiveCfg = Release|x64
		{01249BCB-5C20-45F3-BB88-B8BDDB9A75E9}.Release|x64.Build.0 = Release|x64
		{01249BCB-5C20-45F3-BB88-B8BDDB9A75E9}.Release|x86.ActiveCfg = Release|x86
		{01249BCB-5C20-45F3-BB88-B8BDDB9A75E9}.Release|x86.Build.0 = Release|x86
		{2C9A0224-82E5-4759-8230-B09EB8CFDFB6}.Debug 64|Any CPU.ActiveCfg = Debug 64|Any CPU
		{2C9A0224-82E5-4759-8230-B09EB8CFDFB6}.Debug 64|Any CPU.Build.0 = Debug 64|Any CPU
		{2C9A0224-82E5-4759-8230-B09EB8CFDFB6}.Debug 64|x64.ActiveCfg = Debug 64|x64
		{2C9A0224-82E5-4759-8230-B09EB8CFDFB6}.Debug 64|x64.Build.0 = Debug 64|x64
		{2C9A0224-82E5-4759-8230-B09EB8CFDFB6}.Debug 64|x86.ActiveCfg = Debug 64|x86
		{2C9A0224-82E5-4759-8230-B09EB8CFDFB6}.Debug 64|x86.Build.0 = Debug 64|x86
		{2C9A0224-82E5-4759-8230-B09EB8CFDFB6}.Debug|Any CPU.ActiveCfg = Debug|Any CPU
		{2C9A0224-82E5-4759-8230-B09EB8CFDFB6}.Debug|Any CPU.Build.0 = Debug|Any CPU
		{2C9A0224-82E5-4759-8230-B09EB8CFDFB6}.Debug|x64.ActiveCfg = Debug|x64
		{2C9A0224-82E5-4759-8230-B09EB8CFDFB6}.Debug|x64.Build.0 = Debug|x64
		{2C9A0224-82E5-4759-8230-B09EB8CFDFB6}.Debug|x86.ActiveCfg = Debug|x86
		{2C9A0224-82E5-4759-8230-B09EB8CFDFB6}.Debug|x86.Build.0 = Debug|x86
		{2C9A0224-82E5-4759-8230-B09EB8CFDFB6}.Release 64|Any CPU.ActiveCfg = Release 64|Any CPU
		{2C9A0224-82E5-4759-8230-B09EB8CFDFB6}.Release 64|Any CPU.Build.0 = Release 64|Any CPU
		{2C9A0224-82E5-4759-8230-B09EB8CFDFB6}.Release 64|x64.ActiveCfg = Release 64|x64
		{2C9A0224-82E5-4759-8230-B09EB8CFDFB6}.Release 64|x64.Build.0 = Release 64|x64
		{2C9A0224-82E5-4759-8230-B09EB8CFDFB6}.Release 64|x86.ActiveCfg = Release 64|x86
		{2C9A0224-82E5-4759-8230-B09EB8CFDFB6}.Release 64|x86.Build.0 = Release 64|x86
		{2C9A0224-82E5-4759-8230-B09EB8CFDFB6}.Release|Any CPU.ActiveCfg = Release|Any CPU
		{2C9A0224-82E5-4759-8230-B09EB8CFDFB6}.Release|Any CPU.Build.0 = Release|Any CPU
		{2C9A0224-82E5-4759-8230-B09EB8CFDFB6}.Release|x64.ActiveCfg = Release|x64
		{2C9A0224-82E5-4759-8230-B09EB8CFDFB6}.Release|x64.Build.0 = Release|x64
		{2C9A0224-82E5-4759-8230-B09EB8CFDFB6}.Release|x86.ActiveCfg = Release|x86
		{2C9A0224-82E5-4759-8230-B09EB8CFDFB6}.Release|x86.Build.0 = Release|x86
		{19315380-B270-43B7-83B7-AC163B6F79CD}.Debug 64|Any CPU.ActiveCfg = Debug 64|Any CPU
		{19315380-B270-43B7-83B7-AC163B6F79CD}.Debug 64|Any CPU.Build.0 = Debug 64|Any CPU
		{19315380-B270-43B7-83B7-AC163B6F79CD}.Debug 64|x64.ActiveCfg = Debug 64|x64
		{19315380-B270-43B7-83B7-AC163B6F79CD}.Debug 64|x64.Build.0 = Debug 64|x64
		{19315380-B270-43B7-83B7-AC163B6F79CD}.Debug 64|x86.ActiveCfg = Debug 64|x86
		{19315380-B270-43B7-83B7-AC163B6F79CD}.Debug 64|x86.Build.0 = Debug 64|x86
		{19315380-B270-43B7-83B7-AC163B6F79CD}.Debug|Any CPU.ActiveCfg = Debug|Any CPU
		{19315380-B270-43B7-83B7-AC163B6F79CD}.Debug|Any CPU.Build.0 = Debug|Any CPU
		{19315380-B270-43B7-83B7-AC163B6F79CD}.Debug|x64.ActiveCfg = Debug|x64
		{19315380-B270-43B7-83B7-AC163B6F79CD}.Debug|x64.Build.0 = Debug|x64
		{19315380-B270-43B7-83B7-AC163B6F79CD}.Debug|x86.ActiveCfg = Debug|x86
		{19315380-B270-43B7-83B7-AC163B6F79CD}.Debug|x86.Build.0 = Debug|x86
		{19315380-B270-43B7-83B7-AC163B6F79CD}.Release 64|Any CPU.ActiveCfg = Release 64|Any CPU
		{19315380-B270-43B7-83B7-AC163B6F79CD}.Release 64|Any CPU.Build.0 = Release 64|Any CPU
		{19315380-B270-43B7-83B7-AC163B6F79CD}.Release 64|x64.ActiveCfg = Release 64|x64
		{19315380-B270-43B7-83B7-AC163B6F79CD}.Release 64|x64.Build.0 = Release 64|x64
		{19315380-B270-43B7-83B7-AC163B6F79CD}.Release 64|x86.ActiveCfg = Release 64|x86
		{19315380-B270-43B7-83B7-AC163B6F79CD}.Release 64|x86.Build.0 = Release 64|x86
		{19315380-B270-43B7-83B7-AC163B6F79CD}.Release|Any CPU.ActiveCfg = Release|Any CPU
		{19315380-B270-43B7-83B7-AC163B6F79CD}.Release|Any CPU.Build.0 = Release|Any CPU
		{19315380-B270-43B7-83B7-AC163B6F79CD}.Release|x64.ActiveCfg = Release|x64
		{19315380-B270-43B7-83B7-AC163B6F79CD}.Release|x64.Build.0 = Release|x64
		{19315380-B270-43B7-83B7-AC163B6F79CD}.Release|x86.ActiveCfg = Release|x86
		{19315380-B270-43B7-83B7-AC163B6F79CD}.Release|x86.Build.0 = Release|x86
		{73F94B6C-7B17-4813-B8A4-0F9959BA7DBF}.Debug 64|Any CPU.ActiveCfg = Debug 64
		{73F94B6C-7B17-4813-B8A4-0F9959BA7DBF}.Debug 64|Any CPU.Build.0 = Debug 64
		{73F94B6C-7B17-4813-B8A4-0F9959BA7DBF}.Debug 64|x64.ActiveCfg = Debug 64
		{73F94B6C-7B17-4813-B8A4-0F9959BA7DBF}.Debug 64|x64.Build.0 = Debug 64
		{73F94B6C-7B17-4813-B8A4-0F9959BA7DBF}.Debug 64|x86.ActiveCfg = Debug 64
		{73F94B6C-7B17-4813-B8A4-0F9959BA7DBF}.Debug 64|x86.Build.0 = Debug 64
		{73F94B6C-7B17-4813-B8A4-0F9959BA7DBF}.Debug|Any CPU.ActiveCfg = Debug
		{73F94B6C-7B17-4813-B8A4-0F9959BA7DBF}.Debug|Any CPU.Build.0 = Debug
		{73F94B6C-7B17-4813-B8A4-0F9959BA7DBF}.Debug|x64.ActiveCfg = Debug
		{73F94B6C-7B17-4813-B8A4-0F9959BA7DBF}.Debug|x64.Build.0 = Debug
		{73F94B6C-7B17-4813-B8A4-0F9959BA7DBF}.Debug|x86.ActiveCfg = Debug
		{73F94B6C-7B17-4813-B8A4-0F9959BA7DBF}.Debug|x86.Build.0 = Debug
		{73F94B6C-7B17-4813-B8A4-0F9959BA7DBF}.Release 64|Any CPU.ActiveCfg = Release 64
		{73F94B6C-7B17-4813-B8A4-0F9959BA7DBF}.Release 64|Any CPU.Build.0 = Release 64
		{73F94B6C-7B17-4813-B8A4-0F9959BA7DBF}.Release 64|x64.ActiveCfg = Release 64
		{73F94B6C-7B17-4813-B8A4-0F9959BA7DBF}.Release 64|x64.Build.0 = Release 64
		{73F94B6C-7B17-4813-B8A4-0F9959BA7DBF}.Release 64|x86.ActiveCfg = Release 64
		{73F94B6C-7B17-4813-B8A4-0F9959BA7DBF}.Release 64|x86.Build.0 = Release 64
		{73F94B6C-7B17-4813-B8A4-0F9959BA7DBF}.Release|Any CPU.ActiveCfg = Release
		{73F94B6C-7B17-4813-B8A4-0F9959BA7DBF}.Release|Any CPU.Build.0 = Release
		{73F94B6C-7B17-4813-B8A4-0F9959BA7DBF}.Release|x64.ActiveCfg = Release
		{73F94B6C-7B17-4813-B8A4-0F9959BA7DBF}.Release|x64.Build.0 = Release
		{73F94B6C-7B17-4813-B8A4-0F9959BA7DBF}.Release|x86.ActiveCfg = Release
		{73F94B6C-7B17-4813-B8A4-0F9959BA7DBF}.Release|x86.Build.0 = Release
		{EC826867-4BA3-4BA8-A8EE-9BA6FC81E984}.Debug 64|Any CPU.ActiveCfg = Debug|Any CPU
		{EC826867-4BA3-4BA8-A8EE-9BA6FC81E984}.Debug 64|Any CPU.Build.0 = Debug|Any CPU
		{EC826867-4BA3-4BA8-A8EE-9BA6FC81E984}.Debug 64|x64.ActiveCfg = Debug|Any CPU
		{EC826867-4BA3-4BA8-A8EE-9BA6FC81E984}.Debug 64|x64.Build.0 = Debug|Any CPU
		{EC826867-4BA3-4BA8-A8EE-9BA6FC81E984}.Debug 64|x86.ActiveCfg = Debug|Any CPU
		{EC826867-4BA3-4BA8-A8EE-9BA6FC81E984}.Debug 64|x86.Build.0 = Debug|Any CPU
		{EC826867-4BA3-4BA8-A8EE-9BA6FC81E984}.Debug|Any CPU.ActiveCfg = Debug|Any CPU
		{EC826867-4BA3-4BA8-A8EE-9BA6FC81E984}.Debug|Any CPU.Build.0 = Debug|Any CPU
		{EC826867-4BA3-4BA8-A8EE-9BA6FC81E984}.Debug|x64.ActiveCfg = Debug|Any CPU
		{EC826867-4BA3-4BA8-A8EE-9BA6FC81E984}.Debug|x64.Build.0 = Debug|Any CPU
		{EC826867-4BA3-4BA8-A8EE-9BA6FC81E984}.Debug|x86.ActiveCfg = Debug|Any CPU
		{EC826867-4BA3-4BA8-A8EE-9BA6FC81E984}.Debug|x86.Build.0 = Debug|Any CPU
		{EC826867-4BA3-4BA8-A8EE-9BA6FC81E984}.Release 64|Any CPU.ActiveCfg = Release|Any CPU
		{EC826867-4BA3-4BA8-A8EE-9BA6FC81E984}.Release 64|Any CPU.Build.0 = Release|Any CPU
		{EC826867-4BA3-4BA8-A8EE-9BA6FC81E984}.Release 64|x64.ActiveCfg = Release|Any CPU
		{EC826867-4BA3-4BA8-A8EE-9BA6FC81E984}.Release 64|x64.Build.0 = Release|Any CPU
		{EC826867-4BA3-4BA8-A8EE-9BA6FC81E984}.Release 64|x86.ActiveCfg = Release|Any CPU
		{EC826867-4BA3-4BA8-A8EE-9BA6FC81E984}.Release 64|x86.Build.0 = Release|Any CPU
		{EC826867-4BA3-4BA8-A8EE-9BA6FC81E984}.Release|Any CPU.ActiveCfg = Release|Any CPU
		{EC826867-4BA3-4BA8-A8EE-9BA6FC81E984}.Release|Any CPU.Build.0 = Release|Any CPU
		{EC826867-4BA3-4BA8-A8EE-9BA6FC81E984}.Release|x64.ActiveCfg = Release|Any CPU
		{EC826867-4BA3-4BA8-A8EE-9BA6FC81E984}.Release|x64.Build.0 = Release|Any CPU
		{EC826867-4BA3-4BA8-A8EE-9BA6FC81E984}.Release|x86.ActiveCfg = Release|Any CPU
		{EC826867-4BA3-4BA8-A8EE-9BA6FC81E984}.Release|x86.Build.0 = Release|Any CPU
		{92F5220F-51BA-4BE6-AE3B-3259305544AE}.Debug 64|Any CPU.ActiveCfg = Debug|Any CPU
		{92F5220F-51BA-4BE6-AE3B-3259305544AE}.Debug 64|Any CPU.Build.0 = Debug|Any CPU
		{92F5220F-51BA-4BE6-AE3B-3259305544AE}.Debug 64|x64.ActiveCfg = Debug|Any CPU
		{92F5220F-51BA-4BE6-AE3B-3259305544AE}.Debug 64|x64.Build.0 = Debug|Any CPU
		{92F5220F-51BA-4BE6-AE3B-3259305544AE}.Debug 64|x86.ActiveCfg = Debug|Any CPU
		{92F5220F-51BA-4BE6-AE3B-3259305544AE}.Debug 64|x86.Build.0 = Debug|Any CPU
		{92F5220F-51BA-4BE6-AE3B-3259305544AE}.Debug|Any CPU.ActiveCfg = Debug|Any CPU
		{92F5220F-51BA-4BE6-AE3B-3259305544AE}.Debug|Any CPU.Build.0 = Debug|Any CPU
		{92F5220F-51BA-4BE6-AE3B-3259305544AE}.Debug|x64.ActiveCfg = Debug|Any CPU
		{92F5220F-51BA-4BE6-AE3B-3259305544AE}.Debug|x64.Build.0 = Debug|Any CPU
		{92F5220F-51BA-4BE6-AE3B-3259305544AE}.Debug|x86.ActiveCfg = Debug|Any CPU
		{92F5220F-51BA-4BE6-AE3B-3259305544AE}.Debug|x86.Build.0 = Debug|Any CPU
		{92F5220F-51BA-4BE6-AE3B-3259305544AE}.Release 64|Any CPU.ActiveCfg = Release|Any CPU
		{92F5220F-51BA-4BE6-AE3B-3259305544AE}.Release 64|Any CPU.Build.0 = Release|Any CPU
		{92F5220F-51BA-4BE6-AE3B-3259305544AE}.Release 64|x64.ActiveCfg = Release|Any CPU
		{92F5220F-51BA-4BE6-AE3B-3259305544AE}.Release 64|x64.Build.0 = Release|Any CPU
		{92F5220F-51BA-4BE6-AE3B-3259305544AE}.Release 64|x86.ActiveCfg = Release|Any CPU
		{92F5220F-51BA-4BE6-AE3B-3259305544AE}.Release 64|x86.Build.0 = Release|Any CPU
		{92F5220F-51BA-4BE6-AE3B-3259305544AE}.Release|Any CPU.ActiveCfg = Release|Any CPU
		{92F5220F-51BA-4BE6-AE3B-3259305544AE}.Release|Any CPU.Build.0 = Release|Any CPU
		{92F5220F-51BA-4BE6-AE3B-3259305544AE}.Release|x64.ActiveCfg = Release|Any CPU
		{92F5220F-51BA-4BE6-AE3B-3259305544AE}.Release|x64.Build.0 = Release|Any CPU
		{92F5220F-51BA-4BE6-AE3B-3259305544AE}.Release|x86.ActiveCfg = Release|Any CPU
		{92F5220F-51BA-4BE6-AE3B-3259305544AE}.Release|x86.Build.0 = Release|Any CPU
		{D3669981-7212-4FF2-9E98-B93D2DE8BCF4}.Debug 64|Any CPU.ActiveCfg = Debug|Any CPU
		{D3669981-7212-4FF2-9E98-B93D2DE8BCF4}.Debug 64|Any CPU.Build.0 = Debug|Any CPU
		{D3669981-7212-4FF2-9E98-B93D2DE8BCF4}.Debug 64|x64.ActiveCfg = Debug|Any CPU
		{D3669981-7212-4FF2-9E98-B93D2DE8BCF4}.Debug 64|x64.Build.0 = Debug|Any CPU
		{D3669981-7212-4FF2-9E98-B93D2DE8BCF4}.Debug 64|x86.ActiveCfg = Debug|Any CPU
		{D3669981-7212-4FF2-9E98-B93D2DE8BCF4}.Debug 64|x86.Build.0 = Debug|Any CPU
		{D3669981-7212-4FF2-9E98-B93D2DE8BCF4}.Debug|Any CPU.ActiveCfg = Debug|Any CPU
		{D3669981-7212-4FF2-9E98-B93D2DE8BCF4}.Debug|Any CPU.Build.0 = Debug|Any CPU
		{D3669981-7212-4FF2-9E98-B93D2DE8BCF4}.Debug|x64.ActiveCfg = Debug|Any CPU
		{D3669981-7212-4FF2-9E98-B93D2DE8BCF4}.Debug|x64.Build.0 = Debug|Any CPU
		{D3669981-7212-4FF2-9E98-B93D2DE8BCF4}.Debug|x86.ActiveCfg = Debug|Any CPU
		{D3669981-7212-4FF2-9E98-B93D2DE8BCF4}.Debug|x86.Build.0 = Debug|Any CPU
		{D3669981-7212-4FF2-9E98-B93D2DE8BCF4}.Release 64|Any CPU.ActiveCfg = Release|Any CPU
		{D3669981-7212-4FF2-9E98-B93D2DE8BCF4}.Release 64|Any CPU.Build.0 = Release|Any CPU
		{D3669981-7212-4FF2-9E98-B93D2DE8BCF4}.Release 64|x64.ActiveCfg = Release|Any CPU
		{D3669981-7212-4FF2-9E98-B93D2DE8BCF4}.Release 64|x64.Build.0 = Release|Any CPU
		{D3669981-7212-4FF2-9E98-B93D2DE8BCF4}.Release 64|x86.ActiveCfg = Release|Any CPU
		{D3669981-7212-4FF2-9E98-B93D2DE8BCF4}.Release 64|x86.Build.0 = Release|Any CPU
		{D3669981-7212-4FF2-9E98-B93D2DE8BCF4}.Release|Any CPU.ActiveCfg = Release|Any CPU
		{D3669981-7212-4FF2-9E98-B93D2DE8BCF4}.Release|Any CPU.Build.0 = Release|Any CPU
		{D3669981-7212-4FF2-9E98-B93D2DE8BCF4}.Release|x64.ActiveCfg = Release|Any CPU
		{D3669981-7212-4FF2-9E98-B93D2DE8BCF4}.Release|x64.Build.0 = Release|Any CPU
		{D3669981-7212-4FF2-9E98-B93D2DE8BCF4}.Release|x86.ActiveCfg = Release|Any CPU
		{D3669981-7212-4FF2-9E98-B93D2DE8BCF4}.Release|x86.Build.0 = Release|Any CPU
		{AA451E9A-4086-4247-8AD8-92D3626FE8C0}.Debug 64|Any CPU.ActiveCfg = Debug
		{AA451E9A-4086-4247-8AD8-92D3626FE8C0}.Debug 64|x64.ActiveCfg = Debug
		{AA451E9A-4086-4247-8AD8-92D3626FE8C0}.Debug 64|x86.ActiveCfg = Debug
		{AA451E9A-4086-4247-8AD8-92D3626FE8C0}.Debug|Any CPU.ActiveCfg = Debug
		{AA451E9A-4086-4247-8AD8-92D3626FE8C0}.Debug|x64.ActiveCfg = Debug
		{AA451E9A-4086-4247-8AD8-92D3626FE8C0}.Debug|x86.ActiveCfg = Debug
		{AA451E9A-4086-4247-8AD8-92D3626FE8C0}.Release 64|Any CPU.ActiveCfg = Release
		{AA451E9A-4086-4247-8AD8-92D3626FE8C0}.Release 64|x64.ActiveCfg = Release
		{AA451E9A-4086-4247-8AD8-92D3626FE8C0}.Release 64|x86.ActiveCfg = Release
		{AA451E9A-4086-4247-8AD8-92D3626FE8C0}.Release|Any CPU.ActiveCfg = Release
		{AA451E9A-4086-4247-8AD8-92D3626FE8C0}.Release|x64.ActiveCfg = Release
		{AA451E9A-4086-4247-8AD8-92D3626FE8C0}.Release|x86.ActiveCfg = Release
		{D49397C7-BC74-4359-B390-9CDA6ACEF741}.Debug 64|Any CPU.ActiveCfg = Debug|Any CPU
		{D49397C7-BC74-4359-B390-9CDA6ACEF741}.Debug 64|Any CPU.Build.0 = Debug|Any CPU
		{D49397C7-BC74-4359-B390-9CDA6ACEF741}.Debug 64|x64.ActiveCfg = Debug|Any CPU
		{D49397C7-BC74-4359-B390-9CDA6ACEF741}.Debug 64|x64.Build.0 = Debug|Any CPU
		{D49397C7-BC74-4359-B390-9CDA6ACEF741}.Debug 64|x86.ActiveCfg = Debug|Any CPU
		{D49397C7-BC74-4359-B390-9CDA6ACEF741}.Debug 64|x86.Build.0 = Debug|Any CPU
		{D49397C7-BC74-4359-B390-9CDA6ACEF741}.Debug|Any CPU.ActiveCfg = Debug|Any CPU
		{D49397C7-BC74-4359-B390-9CDA6ACEF741}.Debug|Any CPU.Build.0 = Debug|Any CPU
		{D49397C7-BC74-4359-B390-9CDA6ACEF741}.Debug|x64.ActiveCfg = Debug|Any CPU
		{D49397C7-BC74-4359-B390-9CDA6ACEF741}.Debug|x64.Build.0 = Debug|Any CPU
		{D49397C7-BC74-4359-B390-9CDA6ACEF741}.Debug|x86.ActiveCfg = Debug|Any CPU
		{D49397C7-BC74-4359-B390-9CDA6ACEF741}.Debug|x86.Build.0 = Debug|Any CPU
		{D49397C7-BC74-4359-B390-9CDA6ACEF741}.Release 64|Any CPU.ActiveCfg = Release|Any CPU
		{D49397C7-BC74-4359-B390-9CDA6ACEF741}.Release 64|Any CPU.Build.0 = Release|Any CPU
		{D49397C7-BC74-4359-B390-9CDA6ACEF741}.Release 64|x64.ActiveCfg = Release|Any CPU
		{D49397C7-BC74-4359-B390-9CDA6ACEF741}.Release 64|x64.Build.0 = Release|Any CPU
		{D49397C7-BC74-4359-B390-9CDA6ACEF741}.Release 64|x86.ActiveCfg = Release|Any CPU
		{D49397C7-BC74-4359-B390-9CDA6ACEF741}.Release 64|x86.Build.0 = Release|Any CPU
		{D49397C7-BC74-4359-B390-9CDA6ACEF741}.Release|Any CPU.ActiveCfg = Release|Any CPU
		{D49397C7-BC74-4359-B390-9CDA6ACEF741}.Release|Any CPU.Build.0 = Release|Any CPU
		{D49397C7-BC74-4359-B390-9CDA6ACEF741}.Release|x64.ActiveCfg = Release|Any CPU
		{D49397C7-BC74-4359-B390-9CDA6ACEF741}.Release|x64.Build.0 = Release|Any CPU
		{D49397C7-BC74-4359-B390-9CDA6ACEF741}.Release|x86.ActiveCfg = Release|Any CPU
		{D49397C7-BC74-4359-B390-9CDA6ACEF741}.Release|x86.Build.0 = Release|Any CPU
	EndGlobalSection
	GlobalSection(SolutionProperties) = preSolution
		HideSolutionNode = FALSE
	EndGlobalSection
	GlobalSection(ExtensibilityGlobals) = postSolution
		SolutionGuid = {02518864-F6BF-4CFE-ACFB-07FCF0B47683}
	EndGlobalSection
EndGlobal
